dependencies:
- name: redis
  repository: https://raw.githubusercontent.com/bitnami/charts/archive-full-index/bitnami
  version: 19.1.5
- name: postgresql
  repository: https://raw.githubusercontent.com/bitnami/charts/archive-full-index/bitnami
  version: 15.2.13
- name: minio
  repository: https://raw.githubusercontent.com/bitnami/charts/archive-full-index/bitnami
  version: 14.1.8
digest: sha256:abba30db78a39af42a8293f7dc34da9dea048b8fbc003bf484474343017461b7
generated: "2025-03-02T10:29:11.203085+08:00"
