dependencies:
- name: redis
  repository: https://charts.bitnami.com/bitnami
  version: 17.11.8
- name: postgresql
  repository: https://charts.bitnami.com/bitnami
  version: 12.5.9
- name: minio
  repository: https://charts.bitnami.com/bitnami
  version: 12.6.12
digest: sha256:a7f2495a0b3342726318942b2998b723c9fa87505a7e16dc96dd92119d200a06
generated: "2025-03-05T17:11:29.908429+08:00"
